{
  "version": 4,
  "terraform_version": "1.1.9",
  "serial": 31,
  "lineage": "5dde2eb3-3846-930b-8eb9-cd13b231bf66",
  "outputs": {},
  "resources": [
    {
      "mode": "data",
      "type": "google_client_config",
      "name": "default",
      "provider": "provider[\"registry.terraform.io/hashicorp/google\"]",
      "instances": [
        {
          "schema_version": 0,
          "attributes": {
            "access_token": "ya29.c.c0ASRK0GZVJllG6-1AsAWSPJGsv3X4i0gBBzgez5eYijR1buFGDyi0RgtPtdNKP1agltxCXnDVDmKBWaWVy26tZrwSJJGDD0_pBHeED0XFbX0tDkVrn4G8l3dhwjLkmKciKvYmTiSLR7N2sS4C0OzNEq0quisTKFsU6aOZuShNz4DMpVCfuJ30LlBv-BBDbUYXbeiiYkwMm2H2Odjl_MdFBv2Um6XhRx-Wy4-37OHpSsoFa1fJL-8jz_ZcGJODj5PuhItu-RVzLMN14iDz3UVYyOqhZYkQx9q5B2XZ0FEmhXlwkjaVtlu71GW1ouJ5sKRdl9CO2MK-h4vt3JCXCb_EdtPsp1sAgRyaiTTnTXBwIqYJ5WfH0NJFh9FcogL387Dje89FOFfusOQpVhwli75a46dWusaakB7WeV0bpMikwvldidFvRdwvdwa03wJO9tqV23MSc9bSk59WXorze80g33X7hnuqfVqVagnS4SexdzSRiQQSugcxVfq3umvr_ZUz_i7Rh7hpIei2IvUUekemXzrZjcylYiws2j3Xgdohj4v0iBMV_sz8bdtwYxZFM42loeWZ97695-QM7-q5fnlW2QVv53fVc__1Ib8efwtUmF2SOh3a5lBm3gRd43-vIpicYu5nV947ZgeprbnyzScl4FylhgQsb28bms08Fbn-u1Q1jdRffIsOSbugZqIuZ418nvFUSYaf--5YwBnZ79dIIlRWFsbxusuWft9ivkqrWXFZm2ubsQdzw-Ves_J4heaMBwO7RnIooSVinb84v0-7o81bnzrSMex_5hgui17XsjnWXWmlMw_1eSwR23IvUu-l9iS7w8hbOb7qa_IZ0caIQBI7yXb-3u3Q0qaoylZp2l6_mJWit8VufjjS25B7x4Jn8cehMV53YatZ3I67tdB3F_70a56J_qu24cbeb4rBpge9iiimQvXVcXF5v3rJhBURrj6hmzVoert78YZudWnzWhl6xOU_rnOdi-t65krIhxSIfW00wOnsW5m",
            "default_labels": null,
            "id": "projects/\"ditto-293914\"/regions/\"europe-west4\"/zones/\u003cnull\u003e",
            "project": "ditto-293914",
            "region": "europe-west4",
            "zone": null
          },
          "sensitive_attributes": []
        }
      ]
    },
    {
      "mode": "managed",
      "type": "google_compute_network",
      "name": "default",
      "provider": "provider[\"registry.terraform.io/hashicorp/google\"]",
      "instances": [
        {
          "schema_version": 0,
          "attributes": {
            "auto_create_subnetworks": false,
            "delete_default_routes_on_create": false,
            "description": "",
            "enable_ula_internal_ipv6": true,
            "gateway_ipv4": "",
            "id": "projects/ditto-293914/global/networks/cloud-engr-test",
            "internal_ipv6_range": "fd20:ebd:b4da:0:0:0:0:0/48",
            "mtu": 0,
            "name": "cloud-engr-test",
            "network_firewall_policy_enforcement_order": "AFTER_CLASSIC_FIREWALL",
            "numeric_id": "3104818516910303974",
            "project": "ditto-293914",
            "routing_mode": "REGIONAL",
            "self_link": "https://www.googleapis.com/compute/v1/projects/ditto-293914/global/networks/cloud-engr-test",
            "timeouts": null
          },
          "sensitive_attributes": [],
          "private": "eyJlMmJmYjczMC1lY2FhLTExZTYtOGY4OC0zNDM2M2JjN2M0YzAiOnsiY3JlYXRlIjoxMjAwMDAwMDAwMDAwLCJkZWxldGUiOjEyMDAwMDAwMDAwMDAsInVwZGF0ZSI6MTIwMDAwMDAwMDAwMH19"
        }
      ]
    },
    {
      "mode": "managed",
      "type": "google_compute_subnetwork",
      "name": "default",
      "provider": "provider[\"registry.terraform.io/hashicorp/google\"]",
      "instances": [
        {
          "schema_version": 0,
          "attributes": {
            "creation_timestamp": "2024-08-31T19:40:26.322-07:00",
            "description": "",
            "external_ipv6_prefix": "",
            "fingerprint": null,
            "gateway_address": "10.0.0.1",
            "id": "projects/ditto-293914/regions/europe-west4/subnetworks/cloud-engr-test",
            "internal_ipv6_prefix": "fd20:ebd:b4da:7000:0:0:0:0/64",
            "ip_cidr_range": "10.0.0.0/16",
            "ipv6_access_type": "INTERNAL",
            "ipv6_cidr_range": "",
            "log_config": [],
            "name": "cloud-engr-test",
            "network": "https://www.googleapis.com/compute/v1/projects/ditto-293914/global/networks/cloud-engr-test",
            "private_ip_google_access": true,
            "private_ipv6_google_access": "DISABLE_GOOGLE_ACCESS",
            "project": "ditto-293914",
            "purpose": "PRIVATE",
            "region": "europe-west4",
            "reserved_internal_range": "",
            "role": "",
            "secondary_ip_range": [
              {
                "ip_cidr_range": "192.168.0.0/24",
                "range_name": "services-range",
                "reserved_internal_range": ""
              },
              {
                "ip_cidr_range": "192.168.1.0/24",
                "range_name": "pod-ranges",
                "reserved_internal_range": ""
              }
            ],
            "self_link": "https://www.googleapis.com/compute/v1/projects/ditto-293914/regions/europe-west4/subnetworks/cloud-engr-test",
            "send_secondary_ip_range_if_empty": null,
            "stack_type": "IPV4_IPV6",
            "timeouts": null
          },
          "sensitive_attributes": [],
          "private": "eyJlMmJmYjczMC1lY2FhLTExZTYtOGY4OC0zNDM2M2JjN2M0YzAiOnsiY3JlYXRlIjoxMjAwMDAwMDAwMDAwLCJkZWxldGUiOjEyMDAwMDAwMDAwMDAsInVwZGF0ZSI6MTIwMDAwMDAwMDAwMH19",
          "dependencies": [
            "google_compute_network.default"
          ]
        }
      ]
    },
    {
      "mode": "managed",
      "type": "google_container_cluster",
      "name": "default",
      "provider": "provider[\"registry.terraform.io/hashicorp/google\"]",
      "instances": [
        {
          "schema_version": 2,
          "attributes": {
            "addons_config": [
              {
                "cloudrun_config": [],
                "config_connector_config": [],
                "dns_cache_config": [],
                "gce_persistent_disk_csi_driver_config": [
                  {
                    "enabled": true
                  }
                ],
                "gcp_filestore_csi_driver_config": [],
                "gcs_fuse_csi_driver_config": [],
                "gke_backup_agent_config": [],
                "horizontal_pod_autoscaling": [],
                "http_load_balancing": [],
                "network_policy_config": [
                  {
                    "disabled": true
                  }
                ],
                "ray_operator_config": [],
                "stateful_ha_config": []
              }
            ],
            "allow_net_admin": null,
            "authenticator_groups_config": [],
            "binary_authorization": [
              {
                "enabled": false,
                "evaluation_mode": ""
              }
            ],
            "cluster_autoscaling": [
              {
                "auto_provisioning_defaults": [],
                "auto_provisioning_locations": [],
                "autoscaling_profile": "BALANCED",
                "enabled": false,
                "resource_limits": []
              }
            ],
            "cluster_ipv4_cidr": "192.168.1.0/24",
            "confidential_nodes": [],
            "cost_management_config": [],
            "database_encryption": [
              {
                "key_name": "",
                "state": "DECRYPTED"
              }
            ],
            "datapath_provider": "ADVANCED_DATAPATH",
            "default_max_pods_per_node": 110,
            "default_snat_status": [
              {
                "disabled": false
              }
            ],
            "deletion_protection": false,
            "description": "",
            "dns_config": [],
            "effective_labels": {
              "goog-terraform-provisioned": "true"
            },
            "enable_autopilot": false,
            "enable_cilium_clusterwide_network_policy": false,
            "enable_intranode_visibility": false,
            "enable_k8s_beta_apis": [],
            "enable_kubernetes_alpha": false,
            "enable_l4_ilb_subsetting": true,
            "enable_legacy_abac": false,
            "enable_multi_networking": false,
            "enable_shielded_nodes": true,
            "enable_tpu": false,
            "endpoint": "34.34.18.15",
            "fleet": [],
            "gateway_api_config": [],
            "id": "projects/ditto-293914/locations/europe-west4-a/clusters/cloud-engr-test",
            "identity_service_config": [],
            "initial_node_count": 1,
            "ip_allocation_policy": [
              {
                "additional_pod_ranges_config": [],
                "cluster_ipv4_cidr_block": "192.168.1.0/24",
                "cluster_secondary_range_name": "pod-ranges",
                "pod_cidr_overprovision_config": [
                  {
                    "disabled": false
                  }
                ],
                "services_ipv4_cidr_block": "192.168.0.0/24",
                "services_secondary_range_name": "services-range",
                "stack_type": "IPV4_IPV6"
              }
            ],
            "label_fingerprint": "78cdf2f6",
            "location": "europe-west4-a",
            "logging_config": [
              {
                "enable_components": [
                  "SYSTEM_COMPONENTS",
                  "WORKLOADS"
                ]
              }
            ],
            "logging_service": "logging.googleapis.com/kubernetes",
            "maintenance_policy": [],
            "master_auth": [
              {
                "client_certificate": "",
                "client_certificate_config": [
                  {
                    "issue_client_certificate": false
                  }
                ],
                "client_key": "",
                "cluster_ca_certificate": "LS0tLS1CRUdJTiBDRVJUSUZJQ0FURS0tLS0tCk1JSUVMVENDQXBXZ0F3SUJBZ0lSQUpzRmUreFdoM1JRUUw2cTc5eTNGend3RFFZSktvWklodmNOQVFFTEJRQXcKTHpFdE1Dc0dBMVVFQXhNa09XRTRaR1JqWTJRdE9HSmtNaTAwTTJJeUxXSmtNR0l0T0ROa1pEWm1ZMkV4TW1ZNQpNQ0FYRFRJME1Ea3dNVEF4TkRnME4xb1lEekl3TlRRd09ESTFNREkwT0RRM1dqQXZNUzB3S3dZRFZRUURFeVE1CllUaGtaR05qWkMwNFltUXlMVFF6WWpJdFltUXdZaTA0TTJSa05tWmpZVEV5Wmprd2dnR2lNQTBHQ1NxR1NJYjMKRFFFQkFRVUFBNElCandBd2dnR0tBb0lCZ1FDV1BnSS9jVXMwSjlFTjJCamxwTlREK3BqSUMyQkJsbVNNTXRSbQpxUC94ZVVmY2I4QXY2dDhGSEJCVEZQWGVkdk5OdE9ROHlpOGYyUUphb2g4QzdGVENKZzl0ZzhIVGZ4UWhjWlFqCmtqeE15Z3VQTGhZOXJoNERWWlRXSHBCR2xpZUVlNDcrV1R5VnczZlAvMzhVd2k5QVdGSkIySXBlN3FIMUtTQkEKWE1MMWhWc1MxalFHai8zZENrc3BjNmU3WFF3K3o2eFZYQTdrUGQ4TFNZakh0SUVPMG1NL0ZmaGZJeUtqZkFoSQovQ0RRMkMwbmZ6Z3ZxQnplUFNwNW5ObnBuaGNLZlBVUFM4VlpRUVlFeHczbVdnc2g0UkU3aWZDL2syNXFWUGFHCkFBcnFGZUVzTUptaE9ZQjVtbGNUTWxjenZsQnlGWU5zc0dwTWNiM25MbFFsTE9XMHpPeVpSdmVQazFaRU12Q2IKNEk4SDJFaUZvZW9iL1hmb1JWYlhDTHRBZWllQThNVE13d3pHaytBMTlCUHdMNU5JbGszVUJ2SXlEekdmVE9uNgpwd2dxdTMvNXE2MndPczVOQldTZ0ZZeVZ0QUFGOTRKc1FFYjBnVFE3MWNCc2ZnOEdOUWZ3RUx5SkpMSEdCbXcyCkczR2k0U09YRlJONmswblU1V3dUYWtSTTJmOENBd0VBQWFOQ01FQXdEZ1lEVlIwUEFRSC9CQVFEQWdJRU1BOEcKQTFVZEV3RUIvd1FGTUFNQkFmOHdIUVlEVlIwT0JCWUVGR0l3aVVDcTB0aFB0c0FQSnVLcXpGTnhTb2dHTUEwRwpDU3FHU0liM0RRRUJDd1VBQTRJQmdRQjBsQUVlckZJRDBxSGdRWWJzOHlCb3BwNXJFTFZZeFdHNHpMQkRPbStKCkJnZVIvME5DdTRjY0p3d1VWQzk4YWpzU2ZUMTlPekxVRWdmZnoycUQvZnNlb0ZKamc2YTB3WnRGTm4ybWlyM3gKMVVHR3AwSW5MZE91QlhjRzdrLzY3MWdQMFR5N29JcSs5RklLcXIyWGVlVC84c3Z0eXoyTzY3eEtnKzZDRVFzWgo0anJOUHgvb0VINjhWY2JBTk1HRWFkZktWdCtLMkh3b2Q2a2hVdEtBejBjNCtrclh1b3Z0VUZZY0w5b2lGWDZhCkIyODdUM0dBYVh4YTg4L1Roa1ZrNHpuSGJYWUxNdkxWOGRaaWd2K1hsd0V1SUw5T3NRWEhxM0hBK3VmOTVka0oKeU5QTy9DcjB3RHZtbVZTYWRjcUM1L0pVVW1kdUNoZG9QTlJNcUxzcWZzNXh3VDJ6TjZYV1JaWHN5VENLWEk2UgpuUFBzRlNDMndJMS9rQjJNUVJNcnV2NldvbnRrRjZmMUliSjdQKzNESG1peXFTSnNpcUgxWEdnQzVLNUJQVnJxCmNxbXZnWVo4czdqTmloOHhWblREVjA5SWRDMlJtNGFsYnVjUjdMMURNa0hNcXJCV0tKSmtVVmY4dHg1ZTh1czkKVEJUdzBJeHFscnBlbWhJenJidFNVUlE9Ci0tLS0tRU5EIENFUlRJRklDQVRFLS0tLS0K"
              }
            ],
            "master_authorized_networks_config": [],
            "master_version": "1.29.7-gke.1104000",
            "mesh_certificates": [],
            "min_master_version": null,
            "monitoring_config": [
              {
                "advanced_datapath_observability_config": [
                  {
                    "enable_metrics": false,
                    "enable_relay": false
                  }
                ],
                "enable_components": [
                  "SYSTEM_COMPONENTS",
                  "STORAGE",
                  "HPA",
                  "POD",
                  "DAEMONSET",
                  "DEPLOYMENT",
                  "STATEFULSET",
                  "CADVISOR",
                  "KUBELET"
                ],
                "managed_prometheus": [
                  {
                    "enabled": true
                  }
                ]
              }
            ],
            "monitoring_service": "monitoring.googleapis.com/kubernetes",
            "name": "cloud-engr-test",
            "network": "projects/ditto-293914/global/networks/cloud-engr-test",
            "network_policy": [
              {
                "enabled": false,
                "provider": "PROVIDER_UNSPECIFIED"
              }
            ],
            "networking_mode": "VPC_NATIVE",
            "node_config": [
              {
                "advanced_machine_features": [],
                "boot_disk_kms_key": "",
                "confidential_nodes": [],
                "containerd_config": [],
                "disk_size_gb": 100,
                "disk_type": "pd-balanced",
                "effective_taints": [],
                "enable_confidential_storage": false,
                "ephemeral_storage_local_ssd_config": [],
                "fast_socket": [],
                "gcfs_config": [],
                "guest_accelerator": [],
                "gvnic": [],
                "host_maintenance_policy": [],
                "image_type": "COS_CONTAINERD",
                "kubelet_config": [],
                "labels": {},
                "linux_node_config": [],
                "local_nvme_ssd_block_config": [],
                "local_ssd_count": 0,
                "logging_variant": "DEFAULT",
                "machine_type": "e2-medium",
                "metadata": {
                  "disable-legacy-endpoints": "true"
                },
                "min_cpu_platform": "",
                "node_group": "",
                "oauth_scopes": [
                  "https://www.googleapis.com/auth/devstorage.read_only",
                  "https://www.googleapis.com/auth/logging.write",
                  "https://www.googleapis.com/auth/monitoring",
                  "https://www.googleapis.com/auth/service.management.readonly",
                  "https://www.googleapis.com/auth/servicecontrol",
                  "https://www.googleapis.com/auth/trace.append"
                ],
                "preemptible": false,
                "reservation_affinity": [],
                "resource_labels": {},
                "resource_manager_tags": {},
                "secondary_boot_disks": [],
                "service_account": "default",
                "shielded_instance_config": [
                  {
                    "enable_integrity_monitoring": true,
                    "enable_secure_boot": false
                  }
                ],
                "sole_tenant_config": [],
                "spot": false,
                "tags": [],
                "taint": [],
                "workload_metadata_config": []
              }
            ],
            "node_locations": [],
            "node_pool": [
              {
                "autoscaling": [],
                "initial_node_count": 1,
                "instance_group_urls": [
                  "https://www.googleapis.com/compute/v1/projects/ditto-293914/zones/europe-west4-a/instanceGroupManagers/gke-cloud-engr-test-default-pool-ae8f062c-grp"
                ],
                "managed_instance_group_urls": [
                  "https://www.googleapis.com/compute/v1/projects/ditto-293914/zones/europe-west4-a/instanceGroups/gke-cloud-engr-test-default-pool-ae8f062c-grp"
                ],
                "management": [
                  {
                    "auto_repair": true,
                    "auto_upgrade": true
                  }
                ],
                "max_pods_per_node": 110,
                "name": "default-pool",
                "name_prefix": "",
                "network_config": [
                  {
                    "additional_node_network_configs": [],
                    "additional_pod_network_configs": [],
                    "create_pod_range": false,
                    "enable_private_nodes": false,
                    "network_performance_config": [],
                    "pod_cidr_overprovision_config": [],
                    "pod_ipv4_cidr_block": "192.168.1.0/24",
                    "pod_range": "pod-ranges"
                  }
                ],
                "node_config": [
                  {
                    "advanced_machine_features": [],
                    "boot_disk_kms_key": "",
                    "confidential_nodes": [],
                    "containerd_config": [],
                    "disk_size_gb": 100,
                    "disk_type": "pd-balanced",
                    "effective_taints": [],
                    "enable_confidential_storage": false,
                    "ephemeral_storage_local_ssd_config": [],
                    "fast_socket": [],
                    "gcfs_config": [],
                    "guest_accelerator": [],
                    "gvnic": [],
                    "host_maintenance_policy": [],
                    "image_type": "COS_CONTAINERD",
                    "kubelet_config": [],
                    "labels": {},
                    "linux_node_config": [],
                    "local_nvme_ssd_block_config": [],
                    "local_ssd_count": 0,
                    "logging_variant": "DEFAULT",
                    "machine_type": "e2-medium",
                    "metadata": {
                      "disable-legacy-endpoints": "true"
                    },
                    "min_cpu_platform": "",
                    "node_group": "",
                    "oauth_scopes": [
                      "https://www.googleapis.com/auth/devstorage.read_only",
                      "https://www.googleapis.com/auth/logging.write",
                      "https://www.googleapis.com/auth/monitoring",
                      "https://www.googleapis.com/auth/service.management.readonly",
                      "https://www.googleapis.com/auth/servicecontrol",
                      "https://www.googleapis.com/auth/trace.append"
                    ],
                    "preemptible": false,
                    "reservation_affinity": [],
                    "resource_labels": {},
                    "resource_manager_tags": {},
                    "secondary_boot_disks": [],
                    "service_account": "default",
                    "shielded_instance_config": [
                      {
                        "enable_integrity_monitoring": true,
                        "enable_secure_boot": false
                      }
                    ],
                    "sole_tenant_config": [],
                    "spot": false,
                    "tags": [],
                    "taint": [],
                    "workload_metadata_config": []
                  }
                ],
                "node_count": 1,
                "node_locations": [
                  "europe-west4-a"
                ],
                "placement_policy": [],
                "queued_provisioning": [],
                "upgrade_settings": [
                  {
                    "blue_green_settings": [],
                    "max_surge": 1,
                    "max_unavailable": 0,
                    "strategy": "SURGE"
                  }
                ],
                "version": "1.29.7-gke.1104000"
              }
            ],
            "node_pool_auto_config": [],
            "node_pool_defaults": [
              {
                "node_config_defaults": [
                  {
                    "containerd_config": [],
                    "logging_variant": "DEFAULT"
                  }
                ]
              }
            ],
            "node_version": "1.29.7-gke.1104000",
            "notification_config": [
              {
                "pubsub": [
                  {
                    "enabled": false,
                    "filter": [],
                    "topic": ""
                  }
                ]
              }
            ],
            "operation": null,
            "private_cluster_config": [
              {
                "enable_private_endpoint": false,
                "enable_private_nodes": false,
                "master_global_access_config": [
                  {
                    "enabled": false
                  }
                ],
                "master_ipv4_cidr_block": "",
                "peering_name": "",
                "private_endpoint": "10.0.0.2",
                "private_endpoint_subnetwork": "",
                "public_endpoint": "34.34.18.15"
              }
            ],
            "private_ipv6_google_access": "",
            "project": "ditto-293914",
            "release_channel": [
              {
                "channel": "REGULAR"
              }
            ],
            "remove_default_node_pool": null,
            "resource_labels": {},
            "resource_usage_export_config": [],
            "security_posture_config": [
              {
                "mode": "BASIC",
                "vulnerability_mode": "VULNERABILITY_MODE_UNSPECIFIED"
              }
            ],
            "self_link": "https://container.googleapis.com/v1/projects/ditto-293914/zones/europe-west4-a/clusters/cloud-engr-test",
            "service_external_ips_config": [
              {
                "enabled": false
              }
            ],
            "services_ipv4_cidr": "192.168.0.0/24",
            "subnetwork": "projects/ditto-293914/regions/europe-west4/subnetworks/cloud-engr-test",
            "terraform_labels": {
              "goog-terraform-provisioned": "true"
            },
            "timeouts": null,
            "tpu_ipv4_cidr_block": "",
            "vertical_pod_autoscaling": [],
            "workload_identity_config": []
          },
          "sensitive_attributes": [],
          "private": "eyJlMmJmYjczMC1lY2FhLTExZTYtOGY4OC0zNDM2M2JjN2M0YzAiOnsiY3JlYXRlIjoyNDAwMDAwMDAwMDAwLCJkZWxldGUiOjI0MDAwMDAwMDAwMDAsInJlYWQiOjI0MDAwMDAwMDAwMDAsInVwZGF0ZSI6MzYwMDAwMDAwMDAwMH0sInNjaGVtYV92ZXJzaW9uIjoiMiJ9",
          "dependencies": [
            "google_compute_network.default",
            "google_compute_subnetwork.default"
          ]
        }
      ]
    },
    {
      "mode": "managed",
      "type": "kubernetes_deployment_v1",
      "name": "default",
      "provider": "provider[\"registry.terraform.io/hashicorp/kubernetes\"]",
      "instances": [
        {
          "schema_version": 1,
          "attributes": {
            "id": "default/cloud-engr-test-deployment",
            "metadata": [
              {
                "annotations": {},
                "generate_name": "",
                "generation": 2,
                "labels": {},
                "name": "cloud-engr-test-deployment",
                "namespace": "default",
                "resource_version": "17395",
                "uid": "5d747267-3c91-46a5-ad5f-fda425eaaa2b"
              }
            ],
            "spec": [
              {
                "min_ready_seconds": 0,
                "paused": false,
                "progress_deadline_seconds": 600,
                "replicas": "1",
                "revision_history_limit": 10,
                "selector": [
                  {
                    "match_expressions": [],
                    "match_labels": {
                      "app": "cloud-engr-test"
                    }
                  }
                ],
                "strategy": [
                  {
                    "rolling_update": [
                      {
                        "max_surge": "25%",
                        "max_unavailable": "25%"
                      }
                    ],
                    "type": "RollingUpdate"
                  }
                ],
                "template": [
                  {
                    "metadata": [
                      {
                        "annotations": {},
                        "generate_name": "",
                        "generation": 0,
                        "labels": {
                          "app": "cloud-engr-test"
                        },
                        "name": "",
                        "namespace": "",
                        "resource_version": "",
                        "uid": ""
                      }
                    ],
                    "spec": [
                      {
                        "active_deadline_seconds": 0,
                        "affinity": [],
                        "automount_service_account_token": true,
                        "container": [
                          {
                            "args": [],
                            "command": [],
                            "env": [],
                            "env_from": [],
                            "image": "europe-west4-docker.pkg.dev/ditto-293914/cloud-engr-test/go-time-api:latest",
                            "image_pull_policy": "Always",
                            "lifecycle": [],
                            "liveness_probe": [],
                            "name": "cloud-engr-test",
                            "port": [
                              {
                                "container_port": 8080,
                                "host_ip": "",
                                "host_port": 0,
                                "name": "cloud-engr-test",
                                "protocol": "TCP"
                              }
                            ],
                            "readiness_probe": [],
                            "resources": [
                              {
                                "limits": {},
                                "requests": {}
                              }
                            ],
                            "security_context": [
                              {
                                "allow_privilege_escalation": false,
                                "capabilities": [
                                  {
                                    "add": [],
                                    "drop": [
                                      "NET_RAW"
                                    ]
                                  }
                                ],
                                "privileged": false,
                                "read_only_root_filesystem": false,
                                "run_as_group": "",
                                "run_as_non_root": false,
                                "run_as_user": "",
                                "se_linux_options": [],
                                "seccomp_profile": []
                              }
                            ],
                            "startup_probe": [],
                            "stdin": false,
                            "stdin_once": false,
                            "termination_message_path": "/dev/termination-log",
                            "termination_message_policy": "File",
                            "tty": false,
                            "volume_mount": [],
                            "working_dir": ""
                          }
                        ],
                        "dns_config": [],
                        "dns_policy": "ClusterFirst",
                        "enable_service_links": true,
                        "host_aliases": [],
                        "host_ipc": false,
                        "host_network": false,
                        "host_pid": false,
                        "hostname": "",
                        "image_pull_secrets": [],
                        "init_container": [],
                        "node_name": "",
                        "node_selector": {},
                        "os": [],
                        "priority_class_name": "",
                        "readiness_gate": [],
                        "restart_policy": "Always",
                        "runtime_class_name": "",
                        "scheduler_name": "default-scheduler",
                        "security_context": [
                          {
                            "fs_group": "",
                            "fs_group_change_policy": "",
                            "run_as_group": "",
                            "run_as_non_root": true,
                            "run_as_user": "",
                            "se_linux_options": [],
                            "seccomp_profile": [
                              {
                                "localhost_profile": "",
                                "type": "RuntimeDefault"
                              }
                            ],
                            "supplemental_groups": [],
                            "sysctl": [],
                            "windows_options": []
                          }
                        ],
                        "service_account_name": "",
                        "share_process_namespace": false,
                        "subdomain": "",
                        "termination_grace_period_seconds": 30,
                        "toleration": [
                          {
                            "effect": "NoSchedule",
                            "key": "kubernetes.io/arch",
                            "operator": "Equal",
                            "toleration_seconds": "",
                            "value": "amd64"
                          }
                        ],
                        "topology_spread_constraint": [],
                        "volume": []
                      }
                    ]
                  }
                ]
              }
            ],
            "timeouts": null,
            "wait_for_rollout": true
          },
          "sensitive_attributes": [],
          "private": "eyJlMmJmYjczMC1lY2FhLTExZTYtOGY4OC0zNDM2M2JjN2M0YzAiOnsiY3JlYXRlIjo2MDAwMDAwMDAwMDAsImRlbGV0ZSI6NjAwMDAwMDAwMDAwLCJ1cGRhdGUiOjYwMDAwMDAwMDAwMH0sInNjaGVtYV92ZXJzaW9uIjoiMSJ9",
          "dependencies": [
            "data.google_client_config.default",
            "google_compute_network.default",
            "google_compute_subnetwork.default",
            "google_container_cluster.default"
          ]
        }
      ]
    },
    {
      "mode": "managed",
      "type": "kubernetes_ingress_v1",
      "name": "example_ingress",
      "provider": "provider[\"registry.terraform.io/hashicorp/kubernetes\"]",
      "instances": [
        {
          "schema_version": 0,
          "attributes": {
            "id": "default/cloud-engr-test-ingress",
            "metadata": [
              {
                "annotations": {},
                "generate_name": "",
                "generation": 2,
                "labels": {},
                "name": "cloud-engr-test-ingress",
                "namespace": "default",
                "resource_version": "29607",
                "uid": "df6988a2-4f46-4895-8d6a-54ba452fab99"
              }
            ],
            "spec": [
              {
                "default_backend": [
                  {
                    "resource": [],
                    "service": [
                      {
                        "name": "cloud-engr-test-loadbalancer",
                        "port": [
                          {
                            "name": "",
                            "number": 8080
                          }
                        ]
                      }
                    ]
                  }
                ],
                "ingress_class_name": "",
                "rule": [
                  {
                    "host": "cloud-engr-test.com",
                    "http": [
                      {
                        "path": [
                          {
                            "backend": [
                              {
                                "resource": [],
                                "service": [
                                  {
                                    "name": "cloud-engr-test",
                                    "port": [
                                      {
                                        "name": "",
                                        "number": 8080
                                      }
                                    ]
                                  }
                                ]
                              }
                            ],
                            "path": "/",
                            "path_type": "Prefix"
                          }
                        ]
                      }
                    ]
                  }
                ],
                "tls": [
                  {
                    "hosts": [],
                    "secret_name": "tls-secret"
                  }
                ]
              }
            ],
            "status": [
              {
                "load_balancer": [
                  {
                    "ingress": []
                  }
                ]
              }
            ],
            "timeouts": null,
            "wait_for_load_balancer": null
          },
          "sensitive_attributes": [],
          "private": "eyJlMmJmYjczMC1lY2FhLTExZTYtOGY4OC0zNDM2M2JjN2M0YzAiOnsiY3JlYXRlIjoxMjAwMDAwMDAwMDAwLCJkZWxldGUiOjEyMDAwMDAwMDAwMDB9fQ==",
          "dependencies": [
            "data.google_client_config.default",
            "google_compute_network.default",
            "google_compute_subnetwork.default",
            "google_container_cluster.default"
          ]
        }
      ]
    },
    {
      "mode": "managed",
      "type": "kubernetes_service_v1",
      "name": "default",
      "provider": "provider[\"registry.terraform.io/hashicorp/kubernetes\"]",
      "instances": [
        {
          "schema_version": 1,
          "attributes": {
            "id": "default/cloud-engr-test-loadbalancer",
            "metadata": [
              {
                "annotations": {
                  "networking.gke.io/load-balancer-type": "Internal"
                },
                "generate_name": "",
                "generation": 0,
                "labels": {},
                "name": "cloud-engr-test-loadbalancer",
                "namespace": "default",
                "resource_version": "33186",
                "uid": "480b65b4-d8ea-4b85-bca4-08f0af744053"
              }
            ],
            "spec": [
              {
                "allocate_load_balancer_node_ports": true,
                "cluster_ip": "192.168.0.173",
                "cluster_ips": [
                  "192.168.0.173",
                  "2600:2d00:0:4:e1c6:b7c0:5359:71c3"
                ],
                "external_ips": [],
                "external_name": "",
                "external_traffic_policy": "Cluster",
                "health_check_node_port": 0,
                "internal_traffic_policy": "Cluster",
                "ip_families": [
                  "IPv4",
                  "IPv6"
                ],
                "ip_family_policy": "RequireDualStack",
                "load_balancer_class": "",
                "load_balancer_ip": "",
                "load_balancer_source_ranges": [],
                "port": [
                  {
                    "app_protocol": "",
                    "name": "",
                    "node_port": 30835,
                    "port": 8080,
                    "protocol": "TCP",
                    "target_port": "8080"
                  }
                ],
                "publish_not_ready_addresses": false,
                "selector": {
                  "app": "cloud-engr-test"
                },
                "session_affinity": "None",
                "session_affinity_config": [],
                "type": "LoadBalancer"
              }
            ],
            "status": [
              {
                "load_balancer": [
                  {
                    "ingress": [
                      {
                        "hostname": "",
                        "ip": "10.0.0.4"
                      },
                      {
                        "hostname": "",
                        "ip": "fd20:ebd:b4da:7000:0:1:0:0"
                      }
                    ]
                  }
                ]
              }
            ],
            "timeouts": null,
            "wait_for_load_balancer": true
          },
          "sensitive_attributes": [],
          "private": "eyJlMmJmYjczMC1lY2FhLTExZTYtOGY4OC0zNDM2M2JjN2M0YzAiOnsiY3JlYXRlIjo2MDAwMDAwMDAwMDB9LCJzY2hlbWFfdmVyc2lvbiI6IjEifQ==",
          "dependencies": [
            "data.google_client_config.default",
            "google_container_cluster.default",
            "kubernetes_deployment_v1.default",
            "time_sleep.wait_service_cleanup"
          ]
        }
      ]
    },
    {
      "mode": "managed",
      "type": "time_sleep",
      "name": "wait_service_cleanup",
      "provider": "provider[\"registry.terraform.io/hashicorp/time\"]",
      "instances": [
        {
          "schema_version": 0,
          "attributes": {
            "create_duration": null,
            "destroy_duration": "180s",
            "id": "2024-09-01T03:06:35Z",
            "triggers": null
          },
          "sensitive_attributes": [],
          "dependencies": [
            "google_compute_network.default",
            "google_compute_subnetwork.default",
            "google_container_cluster.default"
          ]
        }
      ]
    }
  ]
}
